// !$*UTF8*$!
{
	archiveVersion = 1;
	classes = {
	};
	objectVersion = 46;
	objects = {

/* Begin PBXBuildFile section */
		8D2BA5D61D5707D500557567 /* CViewController.m in Sources */ = {isa = PBXBuildFile; fileRef = 8D2BA5D51D5707D500557567 /* CViewController.m */; };
		8D2BA5D91D5707DD00557567 /* DViewController.m in Sources */ = {isa = PBXBuildFile; fileRef = 8D2BA5D81D5707DD00557567 /* DViewController.m */; };
		8D2BA5DC1D5707E600557567 /* EViewController.m in Sources */ = {isa = PBXBuildFile; fileRef = 8D2BA5DB1D5707E600557567 /* EViewController.m */; };
		8D2BA5E41D571F4F00557567 /* FSVerticalTabBar.m in Sources */ = {isa = PBXBuildFile; fileRef = 8D2BA5DF1D571F4F00557567 /* FSVerticalTabBar.m */; };
		8D2BA5E51D571F4F00557567 /* FSVerticalTabBarButton.m in Sources */ = {isa = PBXBuildFile; fileRef = 8D2BA5E11D571F4F00557567 /* FSVerticalTabBarButton.m */; };
		8D2BA5E61D571F4F00557567 /* FSVerticalTabBarController.m in Sources */ = {isa = PBXBuildFile; fileRef = 8D2BA5E31D571F4F00557567 /* FSVerticalTabBarController.m */; };
		8DB285DB1D58181000DABF3A /* FViewController.m in Sources */ = {isa = PBXBuildFile; fileRef = 8DB285DA1D58181000DABF3A /* FViewController.m */; };
		8DB285F91D5827F800DABF3A /* LICENSE in Resources */ = {isa = PBXBuildFile; fileRef = 8DB285DD1D5827F800DABF3A /* LICENSE */; };
		8DB285FA1D5827F800DABF3A /* MASCompositeConstraint.m in Sources */ = {isa = PBXBuildFile; fileRef = 8DB285E01D5827F800DABF3A /* MASCompositeConstraint.m */; };
		8DB285FB1D5827F800DABF3A /* MASConstraint.m in Sources */ = {isa = PBXBuildFile; fileRef = 8DB285E31D5827F800DABF3A /* MASConstraint.m */; };
		8DB285FC1D5827F800DABF3A /* MASConstraintMaker.m in Sources */ = {isa = PBXBuildFile; fileRef = 8DB285E51D5827F800DABF3A /* MASConstraintMaker.m */; };
		8DB285FD1D5827F800DABF3A /* MASLayoutConstraint.m in Sources */ = {isa = PBXBuildFile; fileRef = 8DB285E71D5827F800DABF3A /* MASLayoutConstraint.m */; };
		8DB285FE1D5827F800DABF3A /* MASViewAttribute.m in Sources */ = {isa = PBXBuildFile; fileRef = 8DB285EB1D5827F800DABF3A /* MASViewAttribute.m */; };
		8DB285FF1D5827F800DABF3A /* MASViewConstraint.m in Sources */ = {isa = PBXBuildFile; fileRef = 8DB285ED1D5827F800DABF3A /* MASViewConstraint.m */; };
		8DB286001D5827F800DABF3A /* NSArray+MASAdditions.m in Sources */ = {isa = PBXBuildFile; fileRef = 8DB285EF1D5827F800DABF3A /* NSArray+MASAdditions.m */; };
		8DB286011D5827F800DABF3A /* NSLayoutConstraint+MASDebugAdditions.m in Sources */ = {isa = PBXBuildFile; fileRef = 8DB285F21D5827F800DABF3A /* NSLayoutConstraint+MASDebugAdditions.m */; };
		8DB286021D5827F800DABF3A /* View+MASAdditions.m in Sources */ = {isa = PBXBuildFile; fileRef = 8DB285F41D5827F800DABF3A /* View+MASAdditions.m */; };
		8DB286031D5827F800DABF3A /* ViewController+MASAdditions.m in Sources */ = {isa = PBXBuildFile; fileRef = 8DB285F71D5827F800DABF3A /* ViewController+MASAdditions.m */; };
		8DB286041D5827F800DABF3A /* README.md in Sources */ = {isa = PBXBuildFile; fileRef = 8DB285F81D5827F800DABF3A /* README.md */; };
		8DB286071D5831F200DABF3A /* TransitionAnimator.m in Sources */ = {isa = PBXBuildFile; fileRef = 8DB286061D5831F200DABF3A /* TransitionAnimator.m */; };
		8DBFFB5F1D56252C00FF8D46 /* main.m in Sources */ = {isa = PBXBuildFile; fileRef = 8DBFFB5E1D56252C00FF8D46 /* main.m */; };
		8DBFFB621D56252C00FF8D46 /* AppDelegate.m in Sources */ = {isa = PBXBuildFile; fileRef = 8DBFFB611D56252C00FF8D46 /* AppDelegate.m */; };
		8DBFFB651D56252C00FF8D46 /* ViewController.m in Sources */ = {isa = PBXBuildFile; fileRef = 8DBFFB641D56252C00FF8D46 /* ViewController.m */; };
		8DBFFB681D56252C00FF8D46 /* Main.storyboard in Resources */ = {isa = PBXBuildFile; fileRef = 8DBFFB661D56252C00FF8D46 /* Main.storyboard */; };
		8DBFFB6A1D56252C00FF8D46 /* Assets.xcassets in Resources */ = {isa = PBXBuildFile; fileRef = 8DBFFB691D56252C00FF8D46 /* Assets.xcassets */; };
		8DBFFB6D1D56252C00FF8D46 /* LaunchScreen.storyboard in Resources */ = {isa = PBXBuildFile; fileRef = 8DBFFB6B1D56252C00FF8D46 /* LaunchScreen.storyboard */; };
		8DBFFB781D56252C00FF8D46 /* rightViewTests.m in Sources */ = {isa = PBXBuildFile; fileRef = 8DBFFB771D56252C00FF8D46 /* rightViewTests.m */; };
		8DBFFB831D56252C00FF8D46 /* rightViewUITests.m in Sources */ = {isa = PBXBuildFile; fileRef = 8DBFFB821D56252C00FF8D46 /* rightViewUITests.m */; };
		8DBFFB9D1D56256C00FF8D46 /* RECommonFunctions.m in Sources */ = {isa = PBXBuildFile; fileRef = 8DBFFB921D56256C00FF8D46 /* RECommonFunctions.m */; };
		8DBFFB9E1D56256C00FF8D46 /* REFrostedContainerViewController.m in Sources */ = {isa = PBXBuildFile; fileRef = 8DBFFB941D56256C00FF8D46 /* REFrostedContainerViewController.m */; };
		8DBFFB9F1D56256C00FF8D46 /* REFrostedViewController.m in Sources */ = {isa = PBXBuildFile; fileRef = 8DBFFB961D56256C00FF8D46 /* REFrostedViewController.m */; };
		8DBFFBA01D56256C00FF8D46 /* UIImage+REFrostedViewController.m in Sources */ = {isa = PBXBuildFile; fileRef = 8DBFFB981D56256C00FF8D46 /* UIImage+REFrostedViewController.m */; };
		8DBFFBA11D56256C00FF8D46 /* UIView+REFrostedViewController.m in Sources */ = {isa = PBXBuildFile; fileRef = 8DBFFB9A1D56256C00FF8D46 /* UIView+REFrostedViewController.m */; };
		8DBFFBA21D56256C00FF8D46 /* UIViewController+REFrostedViewController.m in Sources */ = {isa = PBXBuildFile; fileRef = 8DBFFB9C1D56256C00FF8D46 /* UIViewController+REFrostedViewController.m */; };
		8DBFFBA51D56257900FF8D46 /* BViewController.m in Sources */ = {isa = PBXBuildFile; fileRef = 8DBFFBA41D56257900FF8D46 /* BViewController.m */; };
		8DBFFBA81D56263A00FF8D46 /* NaviViewController.m in Sources */ = {isa = PBXBuildFile; fileRef = 8DBFFBA71D56263A00FF8D46 /* NaviViewController.m */; };
/* End PBXBuildFile section */

/* Begin PBXContainerItemProxy section */
		8DBFFB741D56252C00FF8D46 /* PBXContainerItemProxy */ = {
			isa = PBXContainerItemProxy;
			containerPortal = 8DBFFB521D56252C00FF8D46 /* Project object */;
			proxyType = 1;
			remoteGlobalIDString = 8DBFFB591D56252C00FF8D46;
			remoteInfo = rightView;
		};
		8DBFFB7F1D56252C00FF8D46 /* PBXContainerItemProxy */ = {
			isa = PBXContainerItemProxy;
			containerPortal = 8DBFFB521D56252C00FF8D46 /* Project object */;
			proxyType = 1;
			remoteGlobalIDString = 8DBFFB591D56252C00FF8D46;
			remoteInfo = rightView;
		};
/* End PBXContainerItemProxy section */

/* Begin PBXFileReference section */
		8D2BA5D41D5707D500557567 /* CViewController.h */ = {isa = PBXFileReference; fileEncoding = 4; lastKnownFileType = sourcecode.c.h; path = CViewController.h; sourceTree = "<group>"; };
		8D2BA5D51D5707D500557567 /* CViewController.m */ = {isa = PBXFileReference; fileEncoding = 4; lastKnownFileType = sourcecode.c.objc; path = CViewController.m; sourceTree = "<group>"; };
		8D2BA5D71D5707DD00557567 /* DViewController.h */ = {isa = PBXFileReference; fileEncoding = 4; lastKnownFileType = sourcecode.c.h; path = DViewController.h; sourceTree = "<group>"; };
		8D2BA5D81D5707DD00557567 /* DViewController.m */ = {isa = PBXFileReference; fileEncoding = 4; lastKnownFileType = sourcecode.c.objc; path = DViewController.m; sourceTree = "<group>"; };
		8D2BA5DA1D5707E600557567 /* EViewController.h */ = {isa = PBXFileReference; fileEncoding = 4; lastKnownFileType = sourcecode.c.h; path = EViewController.h; sourceTree = "<group>"; };
		8D2BA5DB1D5707E600557567 /* EViewController.m */ = {isa = PBXFileReference; fileEncoding = 4; lastKnownFileType = sourcecode.c.objc; path = EViewController.m; sourceTree = "<group>"; };
		8D2BA5DE1D571F4F00557567 /* FSVerticalTabBar.h */ = {isa = PBXFileReference; fileEncoding = 4; lastKnownFileType = sourcecode.c.h; path = FSVerticalTabBar.h; sourceTree = "<group>"; };
		8D2BA5DF1D571F4F00557567 /* FSVerticalTabBar.m */ = {isa = PBXFileReference; fileEncoding = 4; lastKnownFileType = sourcecode.c.objc; path = FSVerticalTabBar.m; sourceTree = "<group>"; };
		8D2BA5E01D571F4F00557567 /* FSVerticalTabBarButton.h */ = {isa = PBXFileReference; fileEncoding = 4; lastKnownFileType = sourcecode.c.h; path = FSVerticalTabBarButton.h; sourceTree = "<group>"; };
		8D2BA5E11D571F4F00557567 /* FSVerticalTabBarButton.m */ = {isa = PBXFileReference; fileEncoding = 4; lastKnownFileType = sourcecode.c.objc; path = FSVerticalTabBarButton.m; sourceTree = "<group>"; };
		8D2BA5E21D571F4F00557567 /* FSVerticalTabBarController.h */ = {isa = PBXFileReference; fileEncoding = 4; lastKnownFileType = sourcecode.c.h; path = FSVerticalTabBarController.h; sourceTree = "<group>"; };
		8D2BA5E31D571F4F00557567 /* FSVerticalTabBarController.m */ = {isa = PBXFileReference; fileEncoding = 4; lastKnownFileType = sourcecode.c.objc; path = FSVerticalTabBarController.m; sourceTree = "<group>"; };
		8DB285D91D58181000DABF3A /* FViewController.h */ = {isa = PBXFileReference; fileEncoding = 4; lastKnownFileType = sourcecode.c.h; path = FViewController.h; sourceTree = "<group>"; };
		8DB285DA1D58181000DABF3A /* FViewController.m */ = {isa = PBXFileReference; fileEncoding = 4; lastKnownFileType = sourcecode.c.objc; path = FViewController.m; sourceTree = "<group>"; };
		8DB285DD1D5827F800DABF3A /* LICENSE */ = {isa = PBXFileReference; fileEncoding = 4; lastKnownFileType = text; path = LICENSE; sourceTree = "<group>"; };
		8DB285DF1D5827F800DABF3A /* MASCompositeConstraint.h */ = {isa = PBXFileReference; fileEncoding = 4; lastKnownFileType = sourcecode.c.h; path = MASCompositeConstraint.h; sourceTree = "<group>"; };
		8DB285E01D5827F800DABF3A /* MASCompositeConstraint.m */ = {isa = PBXFileReference; fileEncoding = 4; lastKnownFileType = sourcecode.c.objc; path = MASCompositeConstraint.m; sourceTree = "<group>"; };
		8DB285E11D5827F800DABF3A /* MASConstraint+Private.h */ = {isa = PBXFileReference; fileEncoding = 4; lastKnownFileType = sourcecode.c.h; path = "MASConstraint+Private.h"; sourceTree = "<group>"; };
		8DB285E21D5827F800DABF3A /* MASConstraint.h */ = {isa = PBXFileReference; fileEncoding = 4; lastKnownFileType = sourcecode.c.h; path = MASConstraint.h; sourceTree = "<group>"; };
		8DB285E31D5827F800DABF3A /* MASConstraint.m */ = {isa = PBXFileReference; fileEncoding = 4; lastKnownFileType = sourcecode.c.objc; path = MASConstraint.m; sourceTree = "<group>"; };
		8DB285E41D5827F800DABF3A /* MASConstraintMaker.h */ = {isa = PBXFileReference; fileEncoding = 4; lastKnownFileType = sourcecode.c.h; path = MASConstraintMaker.h; sourceTree = "<group>"; };
		8DB285E51D5827F800DABF3A /* MASConstraintMaker.m */ = {isa = PBXFileReference; fileEncoding = 4; lastKnownFileType = sourcecode.c.objc; path = MASConstraintMaker.m; sourceTree = "<group>"; };
		8DB285E61D5827F800DABF3A /* MASLayoutConstraint.h */ = {isa = PBXFileReference; fileEncoding = 4; lastKnownFileType = sourcecode.c.h; path = MASLayoutConstraint.h; sourceTree = "<group>"; };
		8DB285E71D5827F800DABF3A /* MASLayoutConstraint.m */ = {isa = PBXFileReference; fileEncoding = 4; lastKnownFileType = sourcecode.c.objc; path = MASLayoutConstraint.m; sourceTree = "<group>"; };
		8DB285E81D5827F800DABF3A /* Masonry.h */ = {isa = PBXFileReference; fileEncoding = 4; lastKnownFileType = sourcecode.c.h; path = Masonry.h; sourceTree = "<group>"; };
		8DB285E91D5827F800DABF3A /* MASUtilities.h */ = {isa = PBXFileReference; fileEncoding = 4; lastKnownFileType = sourcecode.c.h; path = MASUtilities.h; sourceTree = "<group>"; };
		8DB285EA1D5827F800DABF3A /* MASViewAttribute.h */ = {isa = PBXFileReference; fileEncoding = 4; lastKnownFileType = sourcecode.c.h; path = MASViewAttribute.h; sourceTree = "<group>"; };
		8DB285EB1D5827F800DABF3A /* MASViewAttribute.m */ = {isa = PBXFileReference; fileEncoding = 4; lastKnownFileType = sourcecode.c.objc; path = MASViewAttribute.m; sourceTree = "<group>"; };
		8DB285EC1D5827F800DABF3A /* MASViewConstraint.h */ = {isa = PBXFileReference; fileEncoding = 4; lastKnownFileType = sourcecode.c.h; path = MASViewConstraint.h; sourceTree = "<group>"; };
		8DB285ED1D5827F800DABF3A /* MASViewConstraint.m */ = {isa = PBXFileReference; fileEncoding = 4; lastKnownFileType = sourcecode.c.objc; path = MASViewConstraint.m; sourceTree = "<group>"; };
		8DB285EE1D5827F800DABF3A /* NSArray+MASAdditions.h */ = {isa = PBXFileReference; fileEncoding = 4; lastKnownFileType = sourcecode.c.h; path = "NSArray+MASAdditions.h"; sourceTree = "<group>"; };
		8DB285EF1D5827F800DABF3A /* NSArray+MASAdditions.m */ = {isa = PBXFileReference; fileEncoding = 4; lastKnownFileType = sourcecode.c.objc; path = "NSArray+MASAdditions.m"; sourceTree = "<group>"; };
		8DB285F01D5827F800DABF3A /* NSArray+MASShorthandAdditions.h */ = {isa = PBXFileReference; fileEncoding = 4; lastKnownFileType = sourcecode.c.h; path = "NSArray+MASShorthandAdditions.h"; sourceTree = "<group>"; };
		8DB285F11D5827F800DABF3A /* NSLayoutConstraint+MASDebugAdditions.h */ = {isa = PBXFileReference; fileEncoding = 4; lastKnownFileType = sourcecode.c.h; path = "NSLayoutConstraint+MASDebugAdditions.h"; sourceTree = "<group>"; };
		8DB285F21D5827F800DABF3A /* NSLayoutConstraint+MASDebugAdditions.m */ = {isa = PBXFileReference; fileEncoding = 4; lastKnownFileType = sourcecode.c.objc; path = "NSLayoutConstraint+MASDebugAdditions.m"; sourceTree = "<group>"; };
		8DB285F31D5827F800DABF3A /* View+MASAdditions.h */ = {isa = PBXFileReference; fileEncoding = 4; lastKnownFileType = sourcecode.c.h; path = "View+MASAdditions.h"; sourceTree = "<group>"; };
		8DB285F41D5827F800DABF3A /* View+MASAdditions.m */ = {isa = PBXFileReference; fileEncoding = 4; lastKnownFileType = sourcecode.c.objc; path = "View+MASAdditions.m"; sourceTree = "<group>"; };
		8DB285F51D5827F800DABF3A /* View+MASShorthandAdditions.h */ = {isa = PBXFileReference; fileEncoding = 4; lastKnownFileType = sourcecode.c.h; path = "View+MASShorthandAdditions.h"; sourceTree = "<group>"; };
		8DB285F61D5827F800DABF3A /* ViewController+MASAdditions.h */ = {isa = PBXFileReference; fileEncoding = 4; lastKnownFileType = sourcecode.c.h; path = "ViewController+MASAdditions.h"; sourceTree = "<group>"; };
		8DB285F71D5827F800DABF3A /* ViewController+MASAdditions.m */ = {isa = PBXFileReference; fileEncoding = 4; lastKnownFileType = sourcecode.c.objc; path = "ViewController+MASAdditions.m"; sourceTree = "<group>"; };
		8DB285F81D5827F800DABF3A /* README.md */ = {isa = PBXFileReference; fileEncoding = 4; lastKnownFileType = net.daringfireball.markdown; path = README.md; sourceTree = "<group>"; };
		8DB286051D5831F200DABF3A /* TransitionAnimator.h */ = {isa = PBXFileReference; fileEncoding = 4; lastKnownFileType = sourcecode.c.h; path = TransitionAnimator.h; sourceTree = "<group>"; };
		8DB286061D5831F200DABF3A /* TransitionAnimator.m */ = {isa = PBXFileReference; fileEncoding = 4; lastKnownFileType = sourcecode.c.objc; path = TransitionAnimator.m; sourceTree = "<group>"; };
		8DBFFB5A1D56252C00FF8D46 /* rightView.app */ = {isa = PBXFileReference; explicitFileType = wrapper.application; includeInIndex = 0; path = rightView.app; sourceTree = BUILT_PRODUCTS_DIR; };
		8DBFFB5E1D56252C00FF8D46 /* main.m */ = {isa = PBXFileReference; lastKnownFileType = sourcecode.c.objc; path = main.m; sourceTree = "<group>"; };
		8DBFFB601D56252C00FF8D46 /* AppDelegate.h */ = {isa = PBXFileReference; lastKnownFileType = sourcecode.c.h; path = AppDelegate.h; sourceTree = "<group>"; };
		8DBFFB611D56252C00FF8D46 /* AppDelegate.m */ = {isa = PBXFileReference; lastKnownFileType = sourcecode.c.objc; path = AppDelegate.m; sourceTree = "<group>"; };
		8DBFFB631D56252C00FF8D46 /* ViewController.h */ = {isa = PBXFileReference; lastKnownFileType = sourcecode.c.h; path = ViewController.h; sourceTree = "<group>"; };
		8DBFFB641D56252C00FF8D46 /* ViewController.m */ = {isa = PBXFileReference; lastKnownFileType = sourcecode.c.objc; path = ViewController.m; sourceTree = "<group>"; };
		8DBFFB671D56252C00FF8D46 /* Base */ = {isa = PBXFileReference; lastKnownFileType = file.storyboard; name = Base; path = Base.lproj/Main.storyboard; sourceTree = "<group>"; };
		8DBFFB691D56252C00FF8D46 /* Assets.xcassets */ = {isa = PBXFileReference; lastKnownFileType = folder.assetcatalog; path = Assets.xcassets; sourceTree = "<group>"; };
		8DBFFB6C1D56252C00FF8D46 /* Base */ = {isa = PBXFileReference; lastKnownFileType = file.storyboard; name = Base; path = Base.lproj/LaunchScreen.storyboard; sourceTree = "<group>"; };
		8DBFFB6E1D56252C00FF8D46 /* Info.plist */ = {isa = PBXFileReference; lastKnownFileType = text.plist.xml; path = Info.plist; sourceTree = "<group>"; };
		8DBFFB731D56252C00FF8D46 /* rightViewTests.xctest */ = {isa = PBXFileReference; explicitFileType = wrapper.cfbundle; includeInIndex = 0; path = rightViewTests.xctest; sourceTree = BUILT_PRODUCTS_DIR; };
		8DBFFB771D56252C00FF8D46 /* rightViewTests.m */ = {isa = PBXFileReference; lastKnownFileType = sourcecode.c.objc; path = rightViewTests.m; sourceTree = "<group>"; };
		8DBFFB791D56252C00FF8D46 /* Info.plist */ = {isa = PBXFileReference; lastKnownFileType = text.plist.xml; path = Info.plist; sourceTree = "<group>"; };
		8DBFFB7E1D56252C00FF8D46 /* rightViewUITests.xctest */ = {isa = PBXFileReference; explicitFileType = wrapper.cfbundle; includeInIndex = 0; path = rightViewUITests.xctest; sourceTree = BUILT_PRODUCTS_DIR; };
		8DBFFB821D56252C00FF8D46 /* rightViewUITests.m */ = {isa = PBXFileReference; lastKnownFileType = sourcecode.c.objc; path = rightViewUITests.m; sourceTree = "<group>"; };
		8DBFFB841D56252C00FF8D46 /* Info.plist */ = {isa = PBXFileReference; lastKnownFileType = text.plist.xml; path = Info.plist; sourceTree = "<group>"; };
		8DBFFB911D56256C00FF8D46 /* RECommonFunctions.h */ = {isa = PBXFileReference; fileEncoding = 4; lastKnownFileType = sourcecode.c.h; path = RECommonFunctions.h; sourceTree = "<group>"; };
		8DBFFB921D56256C00FF8D46 /* RECommonFunctions.m */ = {isa = PBXFileReference; fileEncoding = 4; lastKnownFileType = sourcecode.c.objc; path = RECommonFunctions.m; sourceTree = "<group>"; };
		8DBFFB931D56256C00FF8D46 /* REFrostedContainerViewController.h */ = {isa = PBXFileReference; fileEncoding = 4; lastKnownFileType = sourcecode.c.h; path = REFrostedContainerViewController.h; sourceTree = "<group>"; };
		8DBFFB941D56256C00FF8D46 /* REFrostedContainerViewController.m */ = {isa = PBXFileReference; fileEncoding = 4; lastKnownFileType = sourcecode.c.objc; path = REFrostedContainerViewController.m; sourceTree = "<group>"; };
		8DBFFB951D56256C00FF8D46 /* REFrostedViewController.h */ = {isa = PBXFileReference; fileEncoding = 4; lastKnownFileType = sourcecode.c.h; path = REFrostedViewController.h; sourceTree = "<group>"; };
		8DBFFB961D56256C00FF8D46 /* REFrostedViewController.m */ = {isa = PBXFileReference; fileEncoding = 4; lastKnownFileType = sourcecode.c.objc; path = REFrostedViewController.m; sourceTree = "<group>"; };
		8DBFFB971D56256C00FF8D46 /* UIImage+REFrostedViewController.h */ = {isa = PBXFileReference; fileEncoding = 4; lastKnownFileType = sourcecode.c.h; path = "UIImage+REFrostedViewController.h"; sourceTree = "<group>"; };
		8DBFFB981D56256C00FF8D46 /* UIImage+REFrostedViewController.m */ = {isa = PBXFileReference; fileEncoding = 4; lastKnownFileType = sourcecode.c.objc; path = "UIImage+REFrostedViewController.m"; sourceTree = "<group>"; };
		8DBFFB991D56256C00FF8D46 /* UIView+REFrostedViewController.h */ = {isa = PBXFileReference; fileEncoding = 4; lastKnownFileType = sourcecode.c.h; path = "UIView+REFrostedViewController.h"; sourceTree = "<group>"; };
		8DBFFB9A1D56256C00FF8D46 /* UIView+REFrostedViewController.m */ = {isa = PBXFileReference; fileEncoding = 4; lastKnownFileType = sourcecode.c.objc; path = "UIView+REFrostedViewController.m"; sourceTree = "<group>"; };
		8DBFFB9B1D56256C00FF8D46 /* UIViewController+REFrostedViewController.h */ = {isa = PBXFileReference; fileEncoding = 4; lastKnownFileType = sourcecode.c.h; path = "UIViewController+REFrostedViewController.h"; sourceTree = "<group>"; };
		8DBFFB9C1D56256C00FF8D46 /* UIViewController+REFrostedViewController.m */ = {isa = PBXFileReference; fileEncoding = 4; lastKnownFileType = sourcecode.c.objc; path = "UIViewController+REFrostedViewController.m"; sourceTree = "<group>"; };
		8DBFFBA31D56257900FF8D46 /* BViewController.h */ = {isa = PBXFileReference; fileEncoding = 4; lastKnownFileType = sourcecode.c.h; path = BViewController.h; sourceTree = "<group>"; };
		8DBFFBA41D56257900FF8D46 /* BViewController.m */ = {isa = PBXFileReference; fileEncoding = 4; lastKnownFileType = sourcecode.c.objc; path = BViewController.m; sourceTree = "<group>"; };
		8DBFFBA61D56263A00FF8D46 /* NaviViewController.h */ = {isa = PBXFileReference; fileEncoding = 4; lastKnownFileType = sourcecode.c.h; path = NaviViewController.h; sourceTree = "<group>"; };
		8DBFFBA71D56263A00FF8D46 /* NaviViewController.m */ = {isa = PBXFileReference; fileEncoding = 4; lastKnownFileType = sourcecode.c.objc; path = NaviViewController.m; sourceTree = "<group>"; };
/* End PBXFileReference section */

/* Begin PBXFrameworksBuildPhase section */
		8DBFFB571D56252C00FF8D46 /* Frameworks */ = {
			isa = PBXFrameworksBuildPhase;
			buildActionMask = 2147483647;
			files = (
			);
			runOnlyForDeploymentPostprocessing = 0;
		};
		8DBFFB701D56252C00FF8D46 /* Frameworks */ = {
			isa = PBXFrameworksBuildPhase;
			buildActionMask = 2147483647;
			files = (
			);
			runOnlyForDeploymentPostprocessing = 0;
		};
		8DBFFB7B1D56252C00FF8D46 /* Frameworks */ = {
			isa = PBXFrameworksBuildPhase;
			buildActionMask = 2147483647;
			files = (
			);
			runOnlyForDeploymentPostprocessing = 0;
		};
/* End PBXFrameworksBuildPhase section */

/* Begin PBXGroup section */
		8D2BA5DD1D571F3A00557567 /* VertucakTabBarController */ = {
			isa = PBXGroup;
			children = (
				8D2BA5DE1D571F4F00557567 /* FSVerticalTabBar.h */,
				8D2BA5DF1D571F4F00557567 /* FSVerticalTabBar.m */,
				8D2BA5E01D571F4F00557567 /* FSVerticalTabBarButton.h */,
				8D2BA5E11D571F4F00557567 /* FSVerticalTabBarButton.m */,
				8D2BA5E21D571F4F00557567 /* FSVerticalTabBarController.h */,
				8D2BA5E31D571F4F00557567 /* FSVerticalTabBarController.m */,
			);
			name = VertucakTabBarController;
			sourceTree = "<group>";
		};
		8DB285DC1D5827F800DABF3A /* Masonry */ = {
			isa = PBXGroup;
			children = (
				8DB285DD1D5827F800DABF3A /* LICENSE */,
				8DB285DE1D5827F800DABF3A /* Masonry */,
				8DB285F81D5827F800DABF3A /* README.md */,
			);
			path = Masonry;
			sourceTree = "<group>";
		};
		8DB285DE1D5827F800DABF3A /* Masonry */ = {
			isa = PBXGroup;
			children = (
				8DB285DF1D5827F800DABF3A /* MASCompositeConstraint.h */,
				8DB285E01D5827F800DABF3A /* MASCompositeConstraint.m */,
				8DB285E11D5827F800DABF3A /* MASConstraint+Private.h */,
				8DB285E21D5827F800DABF3A /* MASConstraint.h */,
				8DB285E31D5827F800DABF3A /* MASConstraint.m */,
				8DB285E41D5827F800DABF3A /* MASConstraintMaker.h */,
				8DB285E51D5827F800DABF3A /* MASConstraintMaker.m */,
				8DB285E61D5827F800DABF3A /* MASLayoutConstraint.h */,
				8DB285E71D5827F800DABF3A /* MASLayoutConstraint.m */,
				8DB285E81D5827F800DABF3A /* Masonry.h */,
				8DB285E91D5827F800DABF3A /* MASUtilities.h */,
				8DB285EA1D5827F800DABF3A /* MASViewAttribute.h */,
				8DB285EB1D5827F800DABF3A /* MASViewAttribute.m */,
				8DB285EC1D5827F800DABF3A /* MASViewConstraint.h */,
				8DB285ED1D5827F800DABF3A /* MASViewConstraint.m */,
				8DB285EE1D5827F800DABF3A /* NSArray+MASAdditions.h */,
				8DB285EF1D5827F800DABF3A /* NSArray+MASAdditions.m */,
				8DB285F01D5827F800DABF3A /* NSArray+MASShorthandAdditions.h */,
				8DB285F11D5827F800DABF3A /* NSLayoutConstraint+MASDebugAdditions.h */,
				8DB285F21D5827F800DABF3A /* NSLayoutConstraint+MASDebugAdditions.m */,
				8DB285F31D5827F800DABF3A /* View+MASAdditions.h */,
				8DB285F41D5827F800DABF3A /* View+MASAdditions.m */,
				8DB285F51D5827F800DABF3A /* View+MASShorthandAdditions.h */,
				8DB285F61D5827F800DABF3A /* ViewController+MASAdditions.h */,
				8DB285F71D5827F800DABF3A /* ViewController+MASAdditions.m */,
			);
			path = Masonry;
			sourceTree = "<group>";
		};
		8DBFFB511D56252C00FF8D46 = {
			isa = PBXGroup;
			children = (
				8DBFFB5C1D56252C00FF8D46 /* rightView */,
				8DBFFB761D56252C00FF8D46 /* rightViewTests */,
				8DBFFB811D56252C00FF8D46 /* rightViewUITests */,
				8DBFFB5B1D56252C00FF8D46 /* Products */,
			);
			sourceTree = "<group>";
		};
		8DBFFB5B1D56252C00FF8D46 /* Products */ = {
			isa = PBXGroup;
			children = (
				8DBFFB5A1D56252C00FF8D46 /* rightView.app */,
				8DBFFB731D56252C00FF8D46 /* rightViewTests.xctest */,
				8DBFFB7E1D56252C00FF8D46 /* rightViewUITests.xctest */,
			);
			name = Products;
			sourceTree = "<group>";
		};
		8DBFFB5C1D56252C00FF8D46 /* rightView */ = {
			isa = PBXGroup;
			children = (
				8DBFFB601D56252C00FF8D46 /* AppDelegate.h */,
				8DBFFB611D56252C00FF8D46 /* AppDelegate.m */,
				8DBFFB631D56252C00FF8D46 /* ViewController.h */,
				8DBFFB641D56252C00FF8D46 /* ViewController.m */,
				8DBFFBA31D56257900FF8D46 /* BViewController.h */,
				8DBFFBA41D56257900FF8D46 /* BViewController.m */,
				8D2BA5D41D5707D500557567 /* CViewController.h */,
				8D2BA5D51D5707D500557567 /* CViewController.m */,
				8D2BA5D71D5707DD00557567 /* DViewController.h */,
				8D2BA5D81D5707DD00557567 /* DViewController.m */,
				8D2BA5DA1D5707E600557567 /* EViewController.h */,
				8D2BA5DB1D5707E600557567 /* EViewController.m */,
				8DB285D91D58181000DABF3A /* FViewController.h */,
				8DB285DA1D58181000DABF3A /* FViewController.m */,
				8DBFFBA61D56263A00FF8D46 /* NaviViewController.h */,
				8DBFFBA71D56263A00FF8D46 /* NaviViewController.m */,
				8DB286051D5831F200DABF3A /* TransitionAnimator.h */,
				8DB286061D5831F200DABF3A /* TransitionAnimator.m */,
				8DB285DC1D5827F800DABF3A /* Masonry */,
				8D2BA5DD1D571F3A00557567 /* VertucakTabBarController */,
				8DBFFB901D56256C00FF8D46 /* REFrostedViewController */,
				8DBFFB661D56252C00FF8D46 /* Main.storyboard */,
				8DBFFB691D56252C00FF8D46 /* Assets.xcassets */,
				8DBFFB6B1D56252C00FF8D46 /* LaunchScreen.storyboard */,
				8DBFFB6E1D56252C00FF8D46 /* Info.plist */,
				8DBFFB5D1D56252C00FF8D46 /* Supporting Files */,
			);
			path = rightView;
			sourceTree = "<group>";
		};
		8DBFFB5D1D56252C00FF8D46 /* Supporting Files */ = {
			isa = PBXGroup;
			children = (
				8DBFFB5E1D56252C00FF8D46 /* main.m */,
			);
			name = "Supporting Files";
			sourceTree = "<group>";
		};
		8DBFFB761D56252C00FF8D46 /* rightViewTests */ = {
			isa = PBXGroup;
			children = (
				8DBFFB771D56252C00FF8D46 /* rightViewTests.m */,
				8DBFFB791D56252C00FF8D46 /* Info.plist */,
			);
			path = rightViewTests;
			sourceTree = "<group>";
		};
		8DBFFB811D56252C00FF8D46 /* rightViewUITests */ = {
			isa = PBXGroup;
			children = (
				8DBFFB821D56252C00FF8D46 /* rightViewUITests.m */,
				8DBFFB841D56252C00FF8D46 /* Info.plist */,
			);
			path = rightViewUITests;
			sourceTree = "<group>";
		};
		8DBFFB901D56256C00FF8D46 /* REFrostedViewController */ = {
			isa = PBXGroup;
			children = (
				8DBFFB911D56256C00FF8D46 /* RECommonFunctions.h */,
				8DBFFB921D56256C00FF8D46 /* RECommonFunctions.m */,
				8DBFFB931D56256C00FF8D46 /* REFrostedContainerViewController.h */,
				8DBFFB941D56256C00FF8D46 /* REFrostedContainerViewController.m */,
				8DBFFB951D56256C00FF8D46 /* REFrostedViewController.h */,
				8DBFFB961D56256C00FF8D46 /* REFrostedViewController.m */,
				8DBFFB971D56256C00FF8D46 /* UIImage+REFrostedViewController.h */,
				8DBFFB981D56256C00FF8D46 /* UIImage+REFrostedViewController.m */,
				8DBFFB991D56256C00FF8D46 /* UIView+REFrostedViewController.h */,
				8DBFFB9A1D56256C00FF8D46 /* UIView+REFrostedViewController.m */,
				8DBFFB9B1D56256C00FF8D46 /* UIViewController+REFrostedViewController.h */,
				8DBFFB9C1D56256C00FF8D46 /* UIViewController+REFrostedViewController.m */,
			);
			path = REFrostedViewController;
			sourceTree = "<group>";
		};
/* End PBXGroup section */

/* Begin PBXNativeTarget section */
		8DBFFB591D56252C00FF8D46 /* rightView */ = {
			isa = PBXNativeTarget;
			buildConfigurationList = 8DBFFB871D56252C00FF8D46 /* Build configuration list for PBXNativeTarget "rightView" */;
			buildPhases = (
				8DBFFB561D56252C00FF8D46 /* Sources */,
				8DBFFB571D56252C00FF8D46 /* Frameworks */,
				8DBFFB581D56252C00FF8D46 /* Resources */,
			);
			buildRules = (
			);
			dependencies = (
			);
			name = rightView;
			productName = rightView;
			productReference = 8DBFFB5A1D56252C00FF8D46 /* rightView.app */;
			productType = "com.apple.product-type.application";
		};
		8DBFFB721D56252C00FF8D46 /* rightViewTests */ = {
			isa = PBXNativeTarget;
			buildConfigurationList = 8DBFFB8A1D56252C00FF8D46 /* Build configuration list for PBXNativeTarget "rightViewTests" */;
			buildPhases = (
				8DBFFB6F1D56252C00FF8D46 /* Sources */,
				8DBFFB701D56252C00FF8D46 /* Frameworks */,
				8DBFFB711D56252C00FF8D46 /* Resources */,
			);
			buildRules = (
			);
			dependencies = (
				8DBFFB751D56252C00FF8D46 /* PBXTargetDependency */,
			);
			name = rightViewTests;
			productName = rightViewTests;
			productReference = 8DBFFB731D56252C00FF8D46 /* rightViewTests.xctest */;
			productType = "com.apple.product-type.bundle.unit-test";
		};
		8DBFFB7D1D56252C00FF8D46 /* rightViewUITests */ = {
			isa = PBXNativeTarget;
			buildConfigurationList = 8DBFFB8D1D56252C00FF8D46 /* Build configuration list for PBXNativeTarget "rightViewUITests" */;
			buildPhases = (
				8DBFFB7A1D56252C00FF8D46 /* Sources */,
				8DBFFB7B1D56252C00FF8D46 /* Frameworks */,
				8DBFFB7C1D56252C00FF8D46 /* Resources */,
			);
			buildRules = (
			);
			dependencies = (
				8DBFFB801D56252C00FF8D46 /* PBXTargetDependency */,
			);
			name = rightViewUITests;
			productName = rightViewUITests;
			productReference = 8DBFFB7E1D56252C00FF8D46 /* rightViewUITests.xctest */;
			productType = "com.apple.product-type.bundle.ui-testing";
		};
/* End PBXNativeTarget section */

/* Begin PBXProject section */
		8DBFFB521D56252C00FF8D46 /* Project object */ = {
			isa = PBXProject;
			attributes = {
				LastUpgradeCheck = 0730;
				ORGANIZATIONNAME = Edward;
				TargetAttributes = {
					8DBFFB591D56252C00FF8D46 = {
						CreatedOnToolsVersion = 7.3.1;
					};
					8DBFFB721D56252C00FF8D46 = {
						CreatedOnToolsVersion = 7.3.1;
						TestTargetID = 8DBFFB591D56252C00FF8D46;
					};
					8DBFFB7D1D56252C00FF8D46 = {
						CreatedOnToolsVersion = 7.3.1;
						TestTargetID = 8DBFFB591D56252C00FF8D46;
					};
				};
			};
			buildConfigurationList = 8DBFFB551D56252C00FF8D46 /* Build configuration list for PBXProject "rightView" */;
			compatibilityVersion = "Xcode 3.2";
			developmentRegion = English;
			hasScannedForEncodings = 0;
			knownRegions = (
				en,
				Base,
			);
			mainGroup = 8DBFFB511D56252C00FF8D46;
			productRefGroup = 8DBFFB5B1D56252C00FF8D46 /* Products */;
			projectDirPath = "";
			projectRoot = "";
			targets = (
				8DBFFB591D56252C00FF8D46 /* rightView */,
				8DBFFB721D56252C00FF8D46 /* rightViewTests */,
				8DBFFB7D1D56252C00FF8D46 /* rightViewUITests */,
			);
		};
/* End PBXProject section */

/* Begin PBXResourcesBuildPhase section */
		8DBFFB581D56252C00FF8D46 /* Resources */ = {
			isa = PBXResourcesBuildPhase;
			buildActionMask = 2147483647;
			files = (
				8DBFFB6D1D56252C00FF8D46 /* LaunchScreen.storyboard in Resources */,
				8DBFFB6A1D56252C00FF8D46 /* Assets.xcassets in Resources */,
				8DB285F91D5827F800DABF3A /* LICENSE in Resources */,
				8DBFFB681D56252C00FF8D46 /* Main.storyboard in Resources */,
			);
			runOnlyForDeploymentPostprocessing = 0;
		};
		8DBFFB711D56252C00FF8D46 /* Resources */ = {
			isa = PBXResourcesBuildPhase;
			buildActionMask = 2147483647;
			files = (
			);
			runOnlyForDeploymentPostprocessing = 0;
		};
		8DBFFB7C1D56252C00FF8D46 /* Resources */ = {
			isa = PBXResourcesBuildPhase;
			buildActionMask = 2147483647;
			files = (
			);
			runOnlyForDeploymentPostprocessing = 0;
		};
/* End PBXResourcesBuildPhase section */

/* Begin PBXSourcesBuildPhase section */
		8DBFFB561D56252C00FF8D46 /* Sources */ = {
			isa = PBXSourcesBuildPhase;
			buildActionMask = 2147483647;
			files = (
				8DBFFBA21D56256C00FF8D46 /* UIViewController+REFrostedViewController.m in Sources */,
				8D2BA5E61D571F4F00557567 /* FSVerticalTabBarController.m in Sources */,
				8DBFFBA11D56256C00FF8D46 /* UIView+REFrostedViewController.m in Sources */,
				8D2BA5E41D571F4F00557567 /* FSVerticalTabBar.m in Sources */,
				8DB285FB1D5827F800DABF3A /* MASConstraint.m in Sources */,
				8DB285FE1D5827F800DABF3A /* MASViewAttribute.m in Sources */,
				8D2BA5D61D5707D500557567 /* CViewController.m in Sources */,
				8DB285FA1D5827F800DABF3A /* MASCompositeConstraint.m in Sources */,
				8DB286021D5827F800DABF3A /* View+MASAdditions.m in Sources */,
				8DB285DB1D58181000DABF3A /* FViewController.m in Sources */,
				8DBFFB9E1D56256C00FF8D46 /* REFrostedContainerViewController.m in Sources */,
				8D2BA5DC1D5707E600557567 /* EViewController.m in Sources */,
				8DBFFBA51D56257900FF8D46 /* BViewController.m in Sources */,
				8DB286041D5827F800DABF3A /* README.md in Sources */,
				8DB286001D5827F800DABF3A /* NSArray+MASAdditions.m in Sources */,
				8DB286011D5827F800DABF3A /* NSLayoutConstraint+MASDebugAdditions.m in Sources */,
				8DBFFBA81D56263A00FF8D46 /* NaviViewController.m in Sources */,
				8DBFFB651D56252C00FF8D46 /* ViewController.m in Sources */,
				8DBFFBA01D56256C00FF8D46 /* UIImage+REFrostedViewController.m in Sources */,
				8DB286031D5827F800DABF3A /* ViewController+MASAdditions.m in Sources */,
				8DB285FF1D5827F800DABF3A /* MASViewConstraint.m in Sources */,
				8DB285FC1D5827F800DABF3A /* MASConstraintMaker.m in Sources */,
				8DBFFB621D56252C00FF8D46 /* AppDelegate.m in Sources */,
				8DBFFB5F1D56252C00FF8D46 /* main.m in Sources */,
				8D2BA5D91D5707DD00557567 /* DViewController.m in Sources */,
				8DB286071D5831F200DABF3A /* TransitionAnimator.m in Sources */,
				8DB285FD1D5827F800DABF3A /* MASLayoutConstraint.m in Sources */,
				8DBFFB9D1D56256C00FF8D46 /* RECommonFunctions.m in Sources */,
				8D2BA5E51D571F4F00557567 /* FSVerticalTabBarButton.m in Sources */,
				8DBFFB9F1D56256C00FF8D46 /* REFrostedViewController.m in Sources */,
			);
			runOnlyForDeploymentPostprocessing = 0;
		};
		8DBFFB6F1D56252C00FF8D46 /* Sources */ = {
			isa = PBXSourcesBuildPhase;
			buildActionMask = 2147483647;
			files = (
				8DBFFB781D56252C00FF8D46 /* rightViewTests.m in Sources */,
			);
			runOnlyForDeploymentPostprocessing = 0;
		};
		8DBFFB7A1D56252C00FF8D46 /* Sources */ = {
			isa = PBXSourcesBuildPhase;
			buildActionMask = 2147483647;
			files = (
				8DBFFB831D56252C00FF8D46 /* rightViewUITests.m in Sources */,
			);
			runOnlyForDeploymentPostprocessing = 0;
		};
/* End PBXSourcesBuildPhase section */

/* Begin PBXTargetDependency section */
		8DBFFB751D56252C00FF8D46 /* PBXTargetDependency */ = {
			isa = PBXTargetDependency;
			target = 8DBFFB591D56252C00FF8D46 /* rightView */;
			targetProxy = 8DBFFB741D56252C00FF8D46 /* PBXContainerItemProxy */;
		};
		8DBFFB801D56252C00FF8D46 /* PBXTargetDependency */ = {
			isa = PBXTargetDependency;
			target = 8DBFFB591D56252C00FF8D46 /* rightView */;
			targetProxy = 8DBFFB7F1D56252C00FF8D46 /* PBXContainerItemProxy */;
		};
/* End PBXTargetDependency section */

/* Begin PBXVariantGroup section */
		8DBFFB661D56252C00FF8D46 /* Main.storyboard */ = {
			isa = PBXVariantGroup;
			children = (
				8DBFFB671D56252C00FF8D46 /* Base */,
			);
			name = Main.storyboard;
			sourceTree = "<group>";
		};
		8DBFFB6B1D56252C00FF8D46 /* LaunchScreen.storyboard */ = {
			isa = PBXVariantGroup;
			children = (
				8DBFFB6C1D56252C00FF8D46 /* Base */,
			);
			name = LaunchScreen.storyboard;
			sourceTree = "<group>";
		};
/* End PBXVariantGroup section */

/* Begin XCBuildConfiguration section */
		8DBFFB851D56252C00FF8D46 /* Debug */ = {
			isa = XCBuildConfiguration;
			buildSettings = {
				ALWAYS_SEARCH_USER_PATHS = NO;
				CLANG_ANALYZER_NONNULL = YES;
				CLANG_CXX_LANGUAGE_STANDARD = "gnu++0x";
				CLANG_CXX_LIBRARY = "libc++";
				CLANG_ENABLE_MODULES = YES;
				CLANG_ENABLE_OBJC_ARC = YES;
				CLANG_WARN_BOOL_CONVERSION = YES;
				CLANG_WARN_CONSTANT_CONVERSION = YES;
				CLANG_WARN_DIRECT_OBJC_ISA_USAGE = YES_ERROR;
				CLANG_WARN_EMPTY_BODY = YES;
				CLANG_WARN_ENUM_CONVERSION = YES;
				CLANG_WARN_INT_CONVERSION = YES;
				CLANG_WARN_OBJC_ROOT_CLASS = YES_ERROR;
				CLANG_WARN_UNREACHABLE_CODE = YES;
				CLANG_WARN__DUPLICATE_METHOD_MATCH = YES;
				"CODE_SIGN_IDENTITY[sdk=iphoneos*]" = "iPhone Developer";
				COPY_PHASE_STRIP = NO;
				DEBUG_INFORMATION_FORMAT = dwarf;
				ENABLE_STRICT_OBJC_MSGSEND = YES;
				ENABLE_TESTABILITY = YES;
				GCC_C_LANGUAGE_STANDARD = gnu99;
				GCC_DYNAMIC_NO_PIC = NO;
				GCC_NO_COMMON_BLOCKS = YES;
				GCC_OPTIMIZATION_LEVEL = 0;
				GCC_PREPROCESSOR_DEFINITIONS = (
					"DEBUG=1",
					"$(inherited)",
				);
				GCC_WARN_64_TO_32_BIT_CONVERSION = YES;
				GCC_WARN_ABOUT_RETURN_TYPE = YES_ERROR;
				GCC_WARN_UNDECLARED_SELECTOR = YES;
				GCC_WARN_UNINITIALIZED_AUTOS = YES_AGGRESSIVE;
				GCC_WARN_UNUSED_FUNCTION = YES;
				GCC_WARN_UNUSED_VARIABLE = YES;
				IPHONEOS_DEPLOYMENT_TARGET = 9.3;
				MTL_ENABLE_DEBUG_INFO = YES;
				ONLY_ACTIVE_ARCH = YES;
				SDKROOT = iphoneos;
				TARGETED_DEVICE_FAMILY = "1,2";
			};
			name = Debug;
		};
		8DBFFB861D56252C00FF8D46 /* Release */ = {
			isa = XCBuildConfiguration;
			buildSettings = {
				ALWAYS_SEARCH_USER_PATHS = NO;
				CLANG_ANALYZER_NONNULL = YES;
				CLANG_CXX_LANGUAGE_STANDARD = "gnu++0x";
				CLANG_CXX_LIBRARY = "libc++";
				CLANG_ENABLE_MODULES = YES;
				CLANG_ENABLE_OBJC_ARC = YES;
				CLANG_WARN_BOOL_CONVERSION = YES;
				CLANG_WARN_CONSTANT_CONVERSION = YES;
				CLANG_WARN_DIRECT_OBJC_ISA_USAGE = YES_ERROR;
				CLANG_WARN_EMPTY_BODY = YES;
				CLANG_WARN_ENUM_CONVERSION = YES;
				CLANG_WARN_INT_CONVERSION = YES;
				CLANG_WARN_OBJC_ROOT_CLASS = YES_ERROR;
				CLANG_WARN_UNREACHABLE_CODE = YES;
				CLANG_WARN__DUPLICATE_METHOD_MATCH = YES;
				"CODE_SIGN_IDENTITY[sdk=iphoneos*]" = "iPhone Developer";
				COPY_PHASE_STRIP = NO;
				DEBUG_INFORMATION_FORMAT = "dwarf-with-dsym";
				ENABLE_NS_ASSERTIONS = NO;
				ENABLE_STRICT_OBJC_MSGSEND = YES;
				GCC_C_LANGUAGE_STANDARD = gnu99;
				GCC_NO_COMMON_BLOCKS = YES;
				GCC_WARN_64_TO_32_BIT_CONVERSION = YES;
				GCC_WARN_ABOUT_RETURN_TYPE = YES_ERROR;
				GCC_WARN_UNDECLARED_SELECTOR = YES;
				GCC_WARN_UNINITIALIZED_AUTOS = YES_AGGRESSIVE;
				GCC_WARN_UNUSED_FUNCTION = YES;
				GCC_WARN_UNUSED_VARIABLE = YES;
				IPHONEOS_DEPLOYMENT_TARGET = 9.3;
				MTL_ENABLE_DEBUG_INFO = NO;
				SDKROOT = iphoneos;
				TARGETED_DEVICE_FAMILY = "1,2";
				VALIDATE_PRODUCT = YES;
			};
			name = Release;
		};
		8DBFFB881D56252C00FF8D46 /* Debug */ = {
			isa = XCBuildConfiguration;
			buildSettings = {
				ASSETCATALOG_COMPILER_APPICON_NAME = AppIcon;
				INFOPLIST_FILE = rightView/Info.plist;
				IPHONEOS_DEPLOYMENT_TARGET = 7.0;
				LD_RUNPATH_SEARCH_PATHS = "$(inherited) @executable_path/Frameworks";
				PRODUCT_BUNDLE_IDENTIFIER = EdwardSelf.rightView;
				PRODUCT_NAME = "$(TARGET_NAME)";
			};
			name = Debug;
		};
		8DBFFB891D56252C00FF8D46 /* Release */ = {
			isa = XCBuildConfiguration;
			buildSettings = {
				ASSETCATALOG_COMPILER_APPICON_NAME = AppIcon;
				INFOPLIST_FILE = rightView/Info.plist;
				IPHONEOS_DEPLOYMENT_TARGET = 7.0;
				LD_RUNPATH_SEARCH_PATHS = "$(inherited) @executable_path/Frameworks";
				PRODUCT_BUNDLE_IDENTIFIER = EdwardSelf.rightView;
				PRODUCT_NAME = "$(TARGET_NAME)";
			};
			name = Release;
		};
		8DBFFB8B1D56252C00FF8D46 /* Debug */ = {
			isa = XCBuildConfiguration;
			buildSettings = {
				BUNDLE_LOADER = "$(TEST_HOST)";
				INFOPLIST_FILE = rightViewTests/Info.plist;
				LD_RUNPATH_SEARCH_PATHS = "$(inherited) @executable_path/Frameworks @loader_path/Frameworks";
				PRODUCT_BUNDLE_IDENTIFIER = EdwardSelf.rightViewTests;
				PRODUCT_NAME = "$(TARGET_NAME)";
				TEST_HOST = "$(BUILT_PRODUCTS_DIR)/rightView.app/rightView";
			};
			name = Debug;
		};
		8DBFFB8C1D56252C00FF8D46 /* Release */ = {
			isa = XCBuildConfiguration;
			buildSettings = {
				BUNDLE_LOADER = "$(TEST_HOST)";
				INFOPLIST_FILE = rightViewTests/Info.plist;
				LD_RUNPATH_SEARCH_PATHS = "$(inherited) @executable_path/Frameworks @loader_path/Frameworks";
				PRODUCT_BUNDLE_IDENTIFIER = EdwardSelf.rightViewTests;
				PRODUCT_NAME = "$(TARGET_NAME)";
				TEST_HOST = "$(BUILT_PRODUCTS_DIR)/rightView.app/rightView";
			};
			name = Release;
		};
		8DBFFB8E1D56252C00FF8D46 /* Debug */ = {
			isa = XCBuildConfiguration;
			buildSettings = {
				INFOPLIST_FILE = rightViewUITests/Info.plist;
				LD_RUNPATH_SEARCH_PATHS = "$(inherited) @executable_path/Frameworks @loader_path/Frameworks";
				PRODUCT_BUNDLE_IDENTIFIER = EdwardSelf.rightViewUITests;
				PRODUCT_NAME = "$(TARGET_NAME)";
				TEST_TARGET_NAME = rightView;
			};
			name = Debug;
		};
		8DBFFB8F1D56252C00FF8D46 /* Release */ = {
			isa = XCBuildConfiguration;
			buildSettings = {
				INFOPLIST_FILE = rightViewUITests/Info.plist;
				LD_RUNPATH_SEARCH_PATHS = "$(inherited) @executable_path/Frameworks @loader_path/Frameworks";
				PRODUCT_BUNDLE_IDENTIFIER = EdwardSelf.rightViewUITests;
				PRODUCT_NAME = "$(TARGET_NAME)";
				TEST_TARGET_NAME = rightView;
			};
			name = Release;
		};
/* End XCBuildConfiguration section */

/* Begin XCConfigurationList section */
		8DBFFB551D56252C00FF8D46 /* Build configuration list for PBXProject "rightView" */ = {
			isa = XCConfigurationList;
			buildConfigurations = (
				8DBFFB851D56252C00FF8D46 /* Debug */,
				8DBFFB861D56252C00FF8D46 /* Release */,
			);
			defaultConfigurationIsVisible = 0;
			defaultConfigurationName = Release;
		};
		8DBFFB871D56252C00FF8D46 /* Build configuration list for PBXNativeTarget "rightView" */ = {
			isa = XCConfigurationList;
			buildConfigurations = (
				8DBFFB881D56252C00FF8D46 /* Debug */,
				8DBFFB891D56252C00FF8D46 /* Release */,
			);
			defaultConfigurationIsVisible = 0;
			defaultConfigurationName = Release;
		};
		8DBFFB8A1D56252C00FF8D46 /* Build configuration list for PBXNativeTarget "rightViewTests" */ = {
			isa = XCConfigurationList;
			buildConfigurations = (
				8DBFFB8B1D56252C00FF8D46 /* Debug */,
				8DBFFB8C1D56252C00FF8D46 /* Release */,
			);
			defaultConfigurationIsVisible = 0;
			defaultConfigurationName = Release;
		};
		8DBFFB8D1D56252C00FF8D46 /* Build configuration list for PBXNativeTarget "rightViewUITests" */ = {
			isa = XCConfigurationList;
			buildConfigurations = (
				8DBFFB8E1D56252C00FF8D46 /* Debug */,
				8DBFFB8F1D56252C00FF8D46 /* Release */,
			);
			defaultConfigurationIsVisible = 0;
			defaultConfigurationName = Release;
		};
/* End XCConfigurationList section */
	};
	rootObject = 8DBFFB521D56252C00FF8D46 /* Project object */;
}
